
Microsoft Visual Studio Solution File, Format Version 12.00
# Visual Studio 15
VisualStudioVersion = 15.0.28307.1000
MinimumVisualStudioVersion = 10.0.40219.1
Project("{FAE04EC0-301F-11D3-BF4B-00C04F79EFBC}") = "MathsLibrary", "MathsLibrary\MathsLibrary.csproj", "{F3B76CC9-4310-4D62-8C77-822D3D73C257}"
EndProject
Global
	GlobalSection(SolutionConfigurationPlatforms) = preSolution
		Debug|Any CPU = Debug|Any CPU
		Release|Any CPU = Release|Any CPU
	EndGlobalSection
	GlobalSection(ProjectConfigurationPlatforms) = postSolution
		{F3B76CC9-4310-4D62-8C77-822D3D73C257}.Debug|Any CPU.ActiveCfg = Debug|Any CPU
		{F3B76CC9-4310-4D62-8C77-822D3D73C257}.Debug|Any CPU.Build.0 = Debug|Any CPU
		{F3B76CC9-4310-4D62-8C77-822D3D73C257}.Release|Any CPU.ActiveCfg = Release|Any CPU
		{F3B76CC9-4310-4D62-8C77-822D3D73C257}.Release|Any CPU.Build.0 = Release|Any CPU
	EndGlobalSection
	GlobalSection(SolutionProperties) = preSolution
		HideSolutionNode = FALSE
	EndGlobalSection
	GlobalSection(ExtensibilityGlobals) = postSolution
		SolutionGuid = {7EF867D6-608F-4A1F-B5E7-EEB653BEDC0E}
	EndGlobalSection
EndGlobal
